{
  "requires": true,
  "lockfileVersion": 1,
  "dependencies": {
    "awesome64": {
      "version": "1.0.0-alpha6",
      "resolved": "https://registry.npmjs.org/awesome64/-/awesome64-1.0.0-alpha6.tgz",
      "integrity": "sha512-KvhSV6dd+2paVdiBKe+3nw/GI0UHmIJR3Cx9sD4eqIAkVURIfLjayk32JC6sYhyuKhLTyE1pZbuNSg9pYUJYrw=="
    },
    "moo": {
      "version": "0.5.1",
      "resolved": "https://registry.npmjs.org/moo/-/moo-0.5.1.tgz",
      "integrity": "sha512-I1mnb5xn4fO80BH9BLcF0yLypy2UKl+Cb01Fu0hJRkJjlCRtxZMWkTdAtDd5ZqCOxtCkhmRwyI57vWT+1iZ67w=="
    }
  }
}
