{
  "name": "skink",
  "version": "0.0.25",
  "lockfileVersion": 1,
  "requires": true,
  "dependencies": {
    "@softwareventures/array": {
      "version": "3.10.0",
      "resolved": "https://registry.npmjs.org/@softwareventures/array/-/array-3.10.0.tgz",
      "integrity": "sha512-xMVf8RLF97w95jzyioXlLJVyZiBISih2yKULP1mV1n2pSE8QyhOfLhgcbjVrRYKZNm0vXT8wusPcrF8rcDuieA==",
      "requires": {
        "@softwareventures/dictionary": "^0.6.0 || ^0.7.0 || ^0.8.0",
        "@softwareventures/nullable": "^1.0.0 || ^1.2.1",
        "@softwareventures/ordered": "^0.2.0",
        "dictionary-types": "^1.2.0",
        "tslib": "^1.9.3 || ^2.0.0"
      }
    },
    "@softwareventures/dictionary": {
      "version": "0.8.1",
      "resolved": "https://registry.npmjs.org/@softwareventures/dictionary/-/dictionary-0.8.1.tgz",
      "integrity": "sha512-rlGBreUXqD/2ybJZHLUQs08J1C3mQXpvVmpTejmsmy/istVJ1YsOMK52ahirMr2/a7S3NUoF2BQImWQ3AYIhlQ==",
      "requires": {
        "dictionary-types": "^1.2.0",
        "tslib": "2.1.0"
      },
      "dependencies": {
        "tslib": {
          "version": "2.1.0",
          "resolved": "https://registry.npmjs.org/tslib/-/tslib-2.1.0.tgz",
          "integrity": "sha512-hcVC3wYEziELGGmEEXue7D75zbwIIVUMWAVbHItGPx0ziyXxrOMQx4rQEVEV45Ut/1IotuEvwqPopzIOkDMf0A=="
        }
      }
    },
    "@softwareventures/nullable": {
      "version": "1.4.0",
      "resolved": "https://registry.npmjs.org/@softwareventures/nullable/-/nullable-1.4.0.tgz",
      "integrity": "sha512-hds7X6hRqgUQz9L850FCaRFxW/whMc4eOCbJtekeZIiAoczhaw2xQrq5sT+8KZV5MkX8ZddtfMkARwYxFmYwDA==",
      "requires": {
        "tslib": "2.2.0"
      },
      "dependencies": {
        "tslib": {
          "version": "2.2.0",
          "resolved": "https://registry.npmjs.org/tslib/-/tslib-2.2.0.tgz",
          "integrity": "sha512-gS9GVHRU+RGn5KQM2rllAlR3dU6m7AcpJKdtH8gFvQiC4Otgk98XnmMU+nZenHt/+VhnBPWwgrJsyrdcw6i23w=="
        }
      }
    },
    "@softwareventures/ordered": {
      "version": "0.2.2",
      "resolved": "https://registry.npmjs.org/@softwareventures/ordered/-/ordered-0.2.2.tgz",
      "integrity": "sha512-n3Kkk9jZ+i2Az7YqnJR3TimhsVSiTfwN9ybDfPcJvvCge0cINszO754n4/pdlCyLYVOn2VzTVFDVTrj+xFvNFQ==",
      "requires": {
        "tslib": "^1.9.3 || ^2.0.0"
      }
    },
    "@types/imul": {
      "version": "1.0.0",
      "resolved": "https://registry.npmjs.org/@types/imul/-/imul-1.0.0.tgz",
      "integrity": "sha512-GcRYdDviNuBikASKNZtc07Yp2XrZnc20/K6GK0EzVe1VzVr974/WIpkh7vIjjSBqnJ3Ei8KWOHEAppx3Hsu+jg=="
    },
    "ansi-regex": {
      "version": "4.1.0",
      "resolved": "https://registry.npmjs.org/ansi-regex/-/ansi-regex-4.1.0.tgz",
      "integrity": "sha512-1apePfXM1UOSqw0o9IiFAovVz9M5S1Dg+4TrDwfMewQ6p/rmMueb7tWZjQ1rx4Loy1ArBggoqGpfqqdI4rondg=="
    },
    "big-integer": {
      "version": "1.6.48",
      "resolved": "https://registry.npmjs.org/big-integer/-/big-integer-1.6.48.tgz",
      "integrity": "sha512-j51egjPa7/i+RdiRuJbPdJ2FIUYYPhvYLjzoYbcMMm62ooO6F94fETG4MTs46zPAF9Brs04OajboA/qTGuz78w=="
    },
    "dictionary-types": {
      "version": "1.2.0",
      "resolved": "https://registry.npmjs.org/dictionary-types/-/dictionary-types-1.2.0.tgz",
      "integrity": "sha512-zeP98fC8l+xwHMCw+q9spJCnDrm4ou3Vyk9yNihjJeJD9Mi+zuFxtyO6kAmX5b5d49mavZ6VYvVFF3Ap6hCzBw=="
    },
    "i32": {
      "version": "0.3.16",
      "resolved": "https://registry.npmjs.org/i32/-/i32-0.3.16.tgz",
      "integrity": "sha512-Oeyk6lE0+L3xADTRk7EVLHq7mkiPHzN+zHW2SkRIZvUIeKnN3/SDzWPVGsGefwTvx/sHIDXlM7lgwiUd25t2kw==",
      "requires": {
        "@softwareventures/array": "^0.31.0 || ^0.33.0 || ^2.0.0 || ^3.0.0",
        "@types/imul": "^1.0.0",
        "imul": "^1.0.1",
        "tslib": "2.0.1"
      }
    },
    "imul": {
      "version": "1.0.1",
      "resolved": "https://registry.npmjs.org/imul/-/imul-1.0.1.tgz",
      "integrity": "sha1-nVhnFh6LPelsLDjV3HyxAvNeKsk="
    },
    "prompt-sync": {
      "version": "4.2.0",
      "resolved": "https://registry.npmjs.org/prompt-sync/-/prompt-sync-4.2.0.tgz",
      "integrity": "sha512-BuEzzc5zptP5LsgV5MZETjDaKSWfchl5U9Luiu8SKp7iZWD5tZalOxvNcZRwv+d2phNFr8xlbxmFNcRKfJOzJw==",
      "requires": {
        "strip-ansi": "^5.0.0"
      }
    },
    "prompt-sync-history": {
      "version": "1.0.1",
      "resolved": "https://registry.npmjs.org/prompt-sync-history/-/prompt-sync-history-1.0.1.tgz",
      "integrity": "sha1-0C7fGMwDuJMoZxVsKSJ0uiwAUP0="
    },
    "strip-ansi": {
      "version": "5.2.0",
      "resolved": "https://registry.npmjs.org/strip-ansi/-/strip-ansi-5.2.0.tgz",
      "integrity": "sha512-DuRs1gKbBqsMKIZlrffwlug8MHkcnpjs5VPmL1PAh+mA30U0DTotfDZ0d2UUsXpPmPmMMJ6W773MaA3J+lbiWA==",
      "requires": {
        "ansi-regex": "^4.1.0"
      }
    },
    "tslib": {
      "version": "2.0.1",
      "resolved": "https://registry.npmjs.org/tslib/-/tslib-2.0.1.tgz",
      "integrity": "sha512-SgIkNheinmEBgx1IUNirK0TUD4X9yjjBRTqqjggWCU3pUEqIk3/Uwl3yRixYKT6WjQuGiwDv4NomL3wqRCj+CQ=="
    }
  }
}
